
Microsoft Visual Studio Solution File, Format Version 12.00
# Visual Studio Version 17
VisualStudioVersion = 17.10.34928.147
MinimumVisualStudioVersion = 10.0.40219.1
Project("{9A19103F-16F7-4668-BE54-9A1E7A4F7556}") = "DataAccess", "PicTweakWeb.DataAccess\DataAccess.csproj", "{B750D577-CC75-4BDD-B6D8-72C1F7294D59}"
EndProject
Project("{9A19103F-16F7-4668-BE54-9A1E7A4F7556}") = "Models", "PicTweakWeb.Models\Models.csproj", "{93F0B296-B7D4-4EBF-A57F-EBF6FF276F2C}"
EndProject
Project("{9A19103F-16F7-4668-BE54-9A1E7A4F7556}") = "PicTweakWeb", "PicTweakWeb.View\PicTweakWeb.csproj", "{27BC235F-0F43-4B7F-98BB-51CDF9FA8994}"
EndProject
Global
	GlobalSection(SolutionConfigurationPlatforms) = preSolution
		Debug|Any CPU = Debug|Any CPU
		Release|Any CPU = Release|Any CPU
	EndGlobalSection
	GlobalSection(ProjectConfigurationPlatforms) = postSolution
		{B750D577-CC75-4BDD-B6D8-72C1F7294D59}.Debug|Any CPU.ActiveCfg = Debug|Any CPU
		{B750D577-CC75-4BDD-B6D8-72C1F7294D59}.Debug|Any CPU.Build.0 = Debug|Any CPU
		{B750D577-CC75-4BDD-B6D8-72C1F7294D59}.Release|Any CPU.ActiveCfg = Release|Any CPU
		{B750D577-CC75-4BDD-B6D8-72C1F7294D59}.Release|Any CPU.Build.0 = Release|Any CPU
		{93F0B296-B7D4-4EBF-A57F-EBF6FF276F2C}.Debug|Any CPU.ActiveCfg = Debug|Any CPU
		{93F0B296-B7D4-4EBF-A57F-EBF6FF276F2C}.Debug|Any CPU.Build.0 = Debug|Any CPU
		{93F0B296-B7D4-4EBF-A57F-EBF6FF276F2C}.Release|Any CPU.ActiveCfg = Release|Any CPU
		{93F0B296-B7D4-4EBF-A57F-EBF6FF276F2C}.Release|Any CPU.Build.0 = Release|Any CPU
		{27BC235F-0F43-4B7F-98BB-51CDF9FA8994}.Debug|Any CPU.ActiveCfg = Debug|Any CPU
		{27BC235F-0F43-4B7F-98BB-51CDF9FA8994}.Debug|Any CPU.Build.0 = Debug|Any CPU
		{27BC235F-0F43-4B7F-98BB-51CDF9FA8994}.Release|Any CPU.ActiveCfg = Release|Any CPU
		{27BC235F-0F43-4B7F-98BB-51CDF9FA8994}.Release|Any CPU.Build.0 = Release|Any CPU
	EndGlobalSection
	GlobalSection(SolutionProperties) = preSolution
		HideSolutionNode = FALSE
	EndGlobalSection
	GlobalSection(ExtensibilityGlobals) = postSolution
		SolutionGuid = {3FCF9768-A306-4F04-87B2-7459799C3188}
	EndGlobalSection
EndGlobal
