
Microsoft Visual Studio Solution File, Format Version 12.00
# Visual Studio Version 17
VisualStudioVersion = 17.10.34928.147
MinimumVisualStudioVersion = 10.0.40219.1
Project("{FAE04EC0-301F-11D3-BF4B-00C04F79EFBC}") = "WebPicTweak", "WebPicTweak\WebPicTweak.csproj", "{27487F10-D387-4D27-813F-DCC698266A1D}"
EndProject
Project("{E53339B2-1760-4266-BCC7-CA923CBCF16C}") = "docker-compose", "docker-compose.dcproj", "{1B5D1DFF-3684-4FD2-BF27-42771ADF9EE1}"
EndProject
Global
	GlobalSection(SolutionConfigurationPlatforms) = preSolution
		Debug|Any CPU = Debug|Any CPU
		Release|Any CPU = Release|Any CPU
	EndGlobalSection
	GlobalSection(ProjectConfigurationPlatforms) = postSolution
		{27487F10-D387-4D27-813F-DCC698266A1D}.Debug|Any CPU.ActiveCfg = Debug|Any CPU
		{27487F10-D387-4D27-813F-DCC698266A1D}.Debug|Any CPU.Build.0 = Debug|Any CPU
		{27487F10-D387-4D27-813F-DCC698266A1D}.Release|Any CPU.ActiveCfg = Release|Any CPU
		{27487F10-D387-4D27-813F-DCC698266A1D}.Release|Any CPU.Build.0 = Release|Any CPU
		{1B5D1DFF-3684-4FD2-BF27-42771ADF9EE1}.Debug|Any CPU.ActiveCfg = Debug|Any CPU
		{1B5D1DFF-3684-4FD2-BF27-42771ADF9EE1}.Debug|Any CPU.Build.0 = Debug|Any CPU
		{1B5D1DFF-3684-4FD2-BF27-42771ADF9EE1}.Release|Any CPU.ActiveCfg = Release|Any CPU
		{1B5D1DFF-3684-4FD2-BF27-42771ADF9EE1}.Release|Any CPU.Build.0 = Release|Any CPU
	EndGlobalSection
	GlobalSection(SolutionProperties) = preSolution
		HideSolutionNode = FALSE
	EndGlobalSection
	GlobalSection(ExtensibilityGlobals) = postSolution
		SolutionGuid = {4DE12ACF-9978-4467-B881-A13B6649628B}
	EndGlobalSection
EndGlobal
